
Microsoft Visual Studio Solution File, Format Version 12.00
# Visual Studio Version 17
VisualStudioVersion = 17.11.35312.102
MinimumVisualStudioVersion = 10.0.40219.1
Project("{9A19103F-16F7-4668-BE54-9A1E7A4F7556}") = "Swaping_Numbers", "Swaping_Numbers\Swaping_Numbers.csproj", "{5133439C-0375-40F6-ABB3-7914F9DA8D41}"
EndProject
Project("{9A19103F-16F7-4668-BE54-9A1E7A4F7556}") = "3_FibonacciSeries", "FibonacciSeries\3_FibonacciSeries.csproj", "{4A5D1ED9-721F-4CF8-924F-779FF5100B7B}"
EndProject
Project("{FAE04EC0-301F-11D3-BF4B-00C04F79EFBC}") = "04_Palindrome_Number", "04_Palindrome_Number\04_Palindrome_Number.csproj", "{2E20B0A7-AAD8-45D5-9275-AB706CD0741E}"
EndProject
Global
	GlobalSection(SolutionConfigurationPlatforms) = preSolution
		Debug|Any CPU = Debug|Any CPU
		Release|Any CPU = Release|Any CPU
	EndGlobalSection
	GlobalSection(ProjectConfigurationPlatforms) = postSolution
		{5133439C-0375-40F6-ABB3-7914F9DA8D41}.Debug|Any CPU.ActiveCfg = Debug|Any CPU
		{5133439C-0375-40F6-ABB3-7914F9DA8D41}.Debug|Any CPU.Build.0 = Debug|Any CPU
		{5133439C-0375-40F6-ABB3-7914F9DA8D41}.Release|Any CPU.ActiveCfg = Release|Any CPU
		{5133439C-0375-40F6-ABB3-7914F9DA8D41}.Release|Any CPU.Build.0 = Release|Any CPU
		{4A5D1ED9-721F-4CF8-924F-779FF5100B7B}.Debug|Any CPU.ActiveCfg = Debug|Any CPU
		{4A5D1ED9-721F-4CF8-924F-779FF5100B7B}.Debug|Any CPU.Build.0 = Debug|Any CPU
		{4A5D1ED9-721F-4CF8-924F-779FF5100B7B}.Release|Any CPU.ActiveCfg = Release|Any CPU
		{4A5D1ED9-721F-4CF8-924F-779FF5100B7B}.Release|Any CPU.Build.0 = Release|Any CPU
		{2E20B0A7-AAD8-45D5-9275-AB706CD0741E}.Debug|Any CPU.ActiveCfg = Debug|Any CPU
		{2E20B0A7-AAD8-45D5-9275-AB706CD0741E}.Debug|Any CPU.Build.0 = Debug|Any CPU
		{2E20B0A7-AAD8-45D5-9275-AB706CD0741E}.Release|Any CPU.ActiveCfg = Release|Any CPU
		{2E20B0A7-AAD8-45D5-9275-AB706CD0741E}.Release|Any CPU.Build.0 = Release|Any CPU
	EndGlobalSection
	GlobalSection(SolutionProperties) = preSolution
		HideSolutionNode = FALSE
	EndGlobalSection
	GlobalSection(ExtensibilityGlobals) = postSolution
		SolutionGuid = {B14BD050-2518-46BD-A7F6-8525EABE54FA}
	EndGlobalSection
EndGlobal
